<?xml version="1.0" encoding="utf-8"?>
<Project ToolsVersion="4.0" xmlns="http://schemas.microsoft.com/developer/msbuild/2003">
  <ItemGroup>
    <Filter Include="Исходные файлы">
      <UniqueIdentifier>{4FC737F1-C7A5-4376-A066-2A32D752A2FF}</UniqueIdentifier>
      <Extensions>cpp;c;cc;cxx;c++;cppm;ixx;def;odl;idl;hpj;bat;asm;asmx</Extensions>
    </Filter>
    <Filter Include="Файлы заголовков">
      <UniqueIdentifier>{93995380-89BD-4b04-88EB-625FBE52EBFB}</UniqueIdentifier>
      <Extensions>h;hh;hpp;hxx;h++;hm;inl;inc;ipp;xsd</Extensions>
    </Filter>
    <Filter Include="Файлы ресурсов">
      <UniqueIdentifier>{67DA6AB6-F800-4c08-8B7A-83BB121AAD01}</UniqueIdentifier>
      <Extensions>rc;ico;cur;bmp;dlg;rc2;rct;bin;rgs;gif;jpg;jpeg;jpe;resx;tiff;tif;png;wav;mfcribbon-ms</Extensions>
    </Filter>
  </ItemGroup>
  <ItemGroup>
    <ClInclude Include="core\core.hh">
      <Filter>Файлы заголовков</Filter>
    </ClInclude>
    <ClInclude Include="context.hh">
      <Filter>Файлы заголовков</Filter>
    </ClInclude>
    <ClInclude Include="core\utils\utils.hh">
      <Filter>Файлы заголовков</Filter>
    </ClInclude>
    <ClInclude Include="core\utils\color\color.hh">
      <Filter>Файлы заголовков</Filter>
    </ClInclude>
    <ClInclude Include="core\utils\math\math.hh">
      <Filter>Файлы заголовков</Filter>
    </ClInclude>
    <ClInclude Include="core\utils\math\utl.hh">
      <Filter>Файлы заголовков</Filter>
    </ClInclude>
    <ClInclude Include="core\utils\math\vector.hh">
      <Filter>Файлы заголовков</Filter>
    </ClInclude>
    <ClInclude Include="core\utils\math\matrix.hh">
      <Filter>Файлы заголовков</Filter>
    </ClInclude>
    <ClInclude Include="core\utils\memory\address.hh">
      <Filter>Файлы заголовков</Filter>
    </ClInclude>
    <ClInclude Include="core\utils\memory\memory.hh">
      <Filter>Файлы заголовков</Filter>
    </ClInclude>
    <ClInclude Include="core\utils\memory\pattern.hh">
      <Filter>Файлы заголовков</Filter>
    </ClInclude>
    <ClInclude Include="core\utils\console\console.hh">
      <Filter>Файлы заголовков</Filter>
    </ClInclude>
    <ClInclude Include="core\utils\pe\pe.hh">
      <Filter>Файлы заголовков</Filter>
    </ClInclude>
    <ClInclude Include="core\sdk\sdk.hh">
      <Filter>Файлы заголовков</Filter>
    </ClInclude>
    <ClInclude Include="core\sdk\interfaces\interfaces.hh">
      <Filter>Файлы заголовков</Filter>
    </ClInclude>
    <ClInclude Include="core\sdk\entities\entities.hh">
      <Filter>Файлы заголовков</Filter>
    </ClInclude>
    <ClInclude Include="core\sdk\misc\misc.hh">
      <Filter>Файлы заголовков</Filter>
    </ClInclude>
    <ClInclude Include="core\sdk\interfaces\classes\engine.hh">
      <Filter>Файлы заголовков</Filter>
    </ClInclude>
    <ClInclude Include="core\sdk\misc\client_state.hh">
      <Filter>Файлы заголовков</Filter>
    </ClInclude>
    <ClInclude Include="core\sdk\misc\client_class.hh">
      <Filter>Файлы заголовков</Filter>
    </ClInclude>
    <ClInclude Include="core\sdk\misc\dt_recv.hh">
      <Filter>Файлы заголовков</Filter>
    </ClInclude>
    <ClInclude Include="core\sdk\misc\data_map.hh">
      <Filter>Файлы заголовков</Filter>
    </ClInclude>
    <ClInclude Include="core\sdk\interfaces\classes\globals.hh">
      <Filter>Файлы заголовков</Filter>
    </ClInclude>
    <ClInclude Include="core\sdk\interfaces\classes\steam.hh">
      <Filter>Файлы заголовков</Filter>
    </ClInclude>
    <ClInclude Include="core\sdk\interfaces\classes\engine_trace.hh">
      <Filter>Файлы заголовков</Filter>
    </ClInclude>
    <ClInclude Include="core\sdk\misc\game_trace.hh">
      <Filter>Файлы заголовков</Filter>
    </ClInclude>
    <ClInclude Include="core\sdk\misc\client_entity.hh">
      <Filter>Файлы заголовков</Filter>
    </ClInclude>
    <ClInclude Include="core\sdk\misc\base_handle.hh">
      <Filter>Файлы заголовков</Filter>
    </ClInclude>
    <ClInclude Include="core\sdk\misc\collideable.hh">
      <Filter>Файлы заголовков</Filter>
    </ClInclude>
    <ClInclude Include="core\sdk\interfaces\classes\model_render.hh">
      <Filter>Файлы заголовков</Filter>
    </ClInclude>
    <ClInclude Include="core\sdk\misc\studio.hh">
      <Filter>Файлы заголовков</Filter>
    </ClInclude>
    <ClInclude Include="core\sdk\interfaces\classes\prediction.h">
      <Filter>Файлы заголовков</Filter>
    </ClInclude>
    <ClInclude Include="core\sdk\modules\modules.hh">
      <Filter>Файлы заголовков</Filter>
    </ClInclude>
    <ClInclude Include="core\sdk\net_vars\net_vars.hh">
      <Filter>Файлы заголовков</Filter>
    </ClInclude>
    <ClInclude Include="deps\fnv1a\fnv1a.hh">
      <Filter>Файлы заголовков</Filter>
    </ClInclude>
    <ClInclude Include="deps\imgui\imconfig.h">
      <Filter>Файлы заголовков</Filter>
    </ClInclude>
    <ClInclude Include="deps\imgui\imgui.h">
      <Filter>Файлы заголовков</Filter>
    </ClInclude>
    <ClInclude Include="deps\imgui\imgui_impl_dx9.h">
      <Filter>Файлы заголовков</Filter>
    </ClInclude>
    <ClInclude Include="deps\imgui\imgui_impl_win32.h">
      <Filter>Файлы заголовков</Filter>
    </ClInclude>
    <ClInclude Include="deps\imgui\imgui_internal.h">
      <Filter>Файлы заголовков</Filter>
    </ClInclude>
    <ClInclude Include="deps\imgui\imstb_rectpack.h">
      <Filter>Файлы заголовков</Filter>
    </ClInclude>
    <ClInclude Include="deps\imgui\imstb_textedit.h">
      <Filter>Файлы заголовков</Filter>
    </ClInclude>
    <ClInclude Include="deps\imgui\imstb_truetype.h">
      <Filter>Файлы заголовков</Filter>
    </ClInclude>
    <ClInclude Include="deps\xor\xor.hh">
      <Filter>Файлы заголовков</Filter>
    </ClInclude>
    <ClInclude Include="deps\deps.hh">
      <Filter>Файлы заголовков</Filter>
    </ClInclude>
    <ClInclude Include="core\sdk\interfaces\classes\input.hh">
      <Filter>Файлы заголовков</Filter>
    </ClInclude>
    <ClInclude Include="core\sdk\misc\user_cmd.hh">
      <Filter>Файлы заголовков</Filter>
    </ClInclude>
    <ClInclude Include="core\sdk\interfaces\classes\cvar.hh">
      <Filter>Файлы заголовков</Filter>
    </ClInclude>
    <ClInclude Include="core\sdk\interfaces\classes\client_mode.hh">
      <Filter>Файлы заголовков</Filter>
    </ClInclude>
    <ClInclude Include="core\sdk\interfaces\classes\data_cache.hh">
      <Filter>Файлы заголовков</Filter>
    </ClInclude>
    <ClInclude Include="core\sdk\interfaces\classes\mat_sys.hh">
      <Filter>Файлы заголовков</Filter>
    </ClInclude>
    <ClInclude Include="core\sdk\interfaces\classes\base_client.h">
      <Filter>Файлы заголовков</Filter>
    </ClInclude>
    <ClInclude Include="core\sdk\interfaces\classes\game_movement.hh">
      <Filter>Файлы заголовков</Filter>
    </ClInclude>
    <ClInclude Include="core\sdk\interfaces\classes\phys_surface_props.hh">
      <Filter>Файлы заголовков</Filter>
    </ClInclude>
    <ClInclude Include="core\sdk\interfaces\classes\surface.hh">
      <Filter>Файлы заголовков</Filter>
    </ClInclude>
    <ClInclude Include="core\sdk\interfaces\classes\key_values_sys.hh">
      <Filter>Файлы заголовков</Filter>
    </ClInclude>
    <ClInclude Include="core\sdk\misc\key_values.hh">
      <Filter>Файлы заголовков</Filter>
    </ClInclude>
    <ClInclude Include="core\sdk\interfaces\classes\move_helper.hh">
      <Filter>Файлы заголовков</Filter>
    </ClInclude>
    <ClInclude Include="core\sdk\misc\bone_accessor.hh">
      <Filter>Файлы заголовков</Filter>
    </ClInclude>
    <ClInclude Include="core\sdk\interfaces\classes\engine_vgui.hh">
      <Filter>Файлы заголовков</Filter>
    </ClInclude>
    <ClInclude Include="core\sdk\misc\handle_entity.hh">
      <Filter>Файлы заголовков</Filter>
    </ClInclude>
    <ClInclude Include="core\sdk\entities\player.hh">
      <Filter>Файлы заголовков</Filter>
    </ClInclude>
    <ClInclude Include="core\sdk\entities\weapon.hh">
      <Filter>Файлы заголовков</Filter>
    </ClInclude>
    <ClInclude Include="core\sdk\entities\entity.hh">
      <Filter>Файлы заголовков</Filter>
    </ClInclude>
    <ClInclude Include="core\ent_listener\ent_listener.hh">
      <Filter>Файлы заголовков</Filter>
    </ClInclude>
    <ClInclude Include="core\hooks\hooks.hh">
      <Filter>Файлы заголовков</Filter>
    </ClInclude>
    <ClInclude Include="features\features.hh">
      <Filter>Файлы заголовков</Filter>
    </ClInclude>
    <ClInclude Include="features\auto_wall\auto_wall.hh">
      <Filter>Файлы заголовков</Filter>
    </ClInclude>
    <ClInclude Include="features\chams\chams.hh">
      <Filter>Файлы заголовков</Filter>
    </ClInclude>
    <ClInclude Include="features\eng_pred\eng_pred.hh">
      <Filter>Файлы заголовков</Filter>
    </ClInclude>
    <ClInclude Include="features\esp\esp.hh">
      <Filter>Файлы заголовков</Filter>
    </ClInclude>
    <ClInclude Include="features\misc\misc.hh">
      <Filter>Файлы заголовков</Filter>
    </ClInclude>
    <ClInclude Include="core\menu\menu.hh">
      <Filter>Файлы заголовков</Filter>
    </ClInclude>
    <ClInclude Include="core\render\render.hh">
      <Filter>Файлы заголовков</Filter>
    </ClInclude>
    <ClInclude Include="core\sdk\misc\ray.hh">
      <Filter>Файлы заголовков</Filter>
    </ClInclude>
    <ClInclude Include="core\sdk\interfaces\classes\model_cache.hh">
      <Filter>Файлы заголовков</Filter>
    </ClInclude>
    <ClInclude Include="deps\minhook\headers\MinHook.h">
      <Filter>Файлы заголовков</Filter>
    </ClInclude>
  </ItemGroup>
  <ItemGroup>
    <ClCompile Include="context.cc">
      <Filter>Исходные файлы</Filter>
    </ClCompile>
    <ClCompile Include="dllmain.cc">
      <Filter>Исходные файлы</Filter>
    </ClCompile>
    <ClCompile Include="core\utils\color\color.cc">
      <Filter>Исходные файлы</Filter>
    </ClCompile>
    <ClCompile Include="core\utils\math\math.cc">
      <Filter>Исходные файлы</Filter>
    </ClCompile>
    <ClCompile Include="core\utils\memory\pattern.cc">
      <Filter>Исходные файлы</Filter>
    </ClCompile>
    <ClCompile Include="core\utils\console\console.cc">
      <Filter>Исходные файлы</Filter>
    </ClCompile>
    <ClCompile Include="core\utils\pe\pe.cc">
      <Filter>Исходные файлы</Filter>
    </ClCompile>
    <ClCompile Include="core\sdk\interfaces\interfaces.cc">
      <Filter>Исходные файлы</Filter>
    </ClCompile>
    <ClCompile Include="core\sdk\misc\base_handle.cc">
      <Filter>Исходные файлы</Filter>
    </ClCompile>
    <ClCompile Include="core\sdk\modules\modules.cc">
      <Filter>Исходные файлы</Filter>
    </ClCompile>
    <ClCompile Include="core\sdk\net_vars\net_vars.cc">
      <Filter>Исходные файлы</Filter>
    </ClCompile>
    <ClCompile Include="deps\imgui\imgui.cpp">
      <Filter>Исходные файлы</Filter>
    </ClCompile>
    <ClCompile Include="deps\imgui\imgui_demo.cpp">
      <Filter>Исходные файлы</Filter>
    </ClCompile>
    <ClCompile Include="deps\imgui\imgui_draw.cpp">
      <Filter>Исходные файлы</Filter>
    </ClCompile>
    <ClCompile Include="deps\imgui\imgui_impl_dx9.cpp">
      <Filter>Исходные файлы</Filter>
    </ClCompile>
    <ClCompile Include="deps\imgui\imgui_impl_win32.cpp">
      <Filter>Исходные файлы</Filter>
    </ClCompile>
    <ClCompile Include="deps\imgui\imgui_tables.cpp">
      <Filter>Исходные файлы</Filter>
    </ClCompile>
    <ClCompile Include="deps\imgui\imgui_widgets.cpp">
      <Filter>Исходные файлы</Filter>
    </ClCompile>
    <ClCompile Include="core\sdk\misc\user_cmd.cc">
      <Filter>Исходные файлы</Filter>
    </ClCompile>
    <ClCompile Include="core\sdk\misc\key_values.cc">
      <Filter>Исходные файлы</Filter>
    </ClCompile>
    <ClCompile Include="core\ent_listener\ent_listener.cc">
      <Filter>Исходные файлы</Filter>
    </ClCompile>
    <ClCompile Include="core\hooks\hooks.cc">
      <Filter>Исходные файлы</Filter>
    </ClCompile>
    <ClCompile Include="core\hooks\fn\engine.cc">
      <Filter>Исходные файлы</Filter>
    </ClCompile>
    <ClCompile Include="core\hooks\fn\model_render.cc">
      <Filter>Исходные файлы</Filter>
    </ClCompile>
    <ClCompile Include="core\hooks\fn\surface.cc">
      <Filter>Исходные файлы</Filter>
    </ClCompile>
    <ClCompile Include="features\auto_wall\auto_wall.cc">
      <Filter>Исходные файлы</Filter>
    </ClCompile>
    <ClCompile Include="features\chams\chams.cc">
      <Filter>Исходные файлы</Filter>
    </ClCompile>
    <ClCompile Include="features\eng_pred\eng_pred.cc">
      <Filter>Исходные файлы</Filter>
    </ClCompile>
    <ClCompile Include="features\esp\entity\grenade.cc">
      <Filter>Исходные файлы</Filter>
    </ClCompile>
    <ClCompile Include="features\esp\entity\player.cc">
      <Filter>Исходные файлы</Filter>
    </ClCompile>
    <ClCompile Include="features\esp\entity\world.cc">
      <Filter>Исходные файлы</Filter>
    </ClCompile>
    <ClCompile Include="features\esp\esp.cc">
      <Filter>Исходные файлы</Filter>
    </ClCompile>
    <ClCompile Include="features\misc\misc.cc">
      <Filter>Исходные файлы</Filter>
    </ClCompile>
    <ClCompile Include="core\menu\menu.cc">
      <Filter>Исходные файлы</Filter>
    </ClCompile>
    <ClCompile Include="core\render\render.cc">
      <Filter>Исходные файлы</Filter>
    </ClCompile>
    <ClCompile Include="core\hooks\fn\client.cc">
      <Filter>Исходные файлы</Filter>
    </ClCompile>
    <ClCompile Include="core\hooks\fn\client_ent_list.cc">
      <Filter>Исходные файлы</Filter>
    </ClCompile>
    <ClCompile Include="core\hooks\fn\direct_device.cc">
      <Filter>Исходные файлы</Filter>
    </ClCompile>
    <ClCompile Include="core\utils\utils.cc">
      <Filter>Исходные файлы</Filter>
    </ClCompile>
  </ItemGroup>
  <ItemGroup>
    <Library Include="deps\minhook\libs\MinHook.lib" />
  </ItemGroup>
</Project>